
Microsoft Visual Studio Solution File, Format Version 12.00
# Visual Studio Version 17
VisualStudioVersion = 17.6.33829.357
MinimumVisualStudioVersion = 10.0.40219.1
Project("{FAE04EC0-301F-11D3-BF4B-00C04F79EFBC}") = "digitaloceandeploy2", "digitaloceandeploy2.csproj", "{B7D398F4-AFCA-42E2-A220-53B6BC2D69BE}"
EndProject
Global
	GlobalSection(SolutionConfigurationPlatforms) = preSolution
		Debug|Any CPU = Debug|Any CPU
		Release|Any CPU = Release|Any CPU
	EndGlobalSection
	GlobalSection(ProjectConfigurationPlatforms) = postSolution
		{B7D398F4-AFCA-42E2-A220-53B6BC2D69BE}.Debug|Any CPU.ActiveCfg = Debug|Any CPU
		{B7D398F4-AFCA-42E2-A220-53B6BC2D69BE}.Debug|Any CPU.Build.0 = Debug|Any CPU
		{B7D398F4-AFCA-42E2-A220-53B6BC2D69BE}.Release|Any CPU.ActiveCfg = Release|Any CPU
		{B7D398F4-AFCA-42E2-A220-53B6BC2D69BE}.Release|Any CPU.Build.0 = Release|Any CPU
	EndGlobalSection
	GlobalSection(SolutionProperties) = preSolution
		HideSolutionNode = FALSE
	EndGlobalSection
	GlobalSection(ExtensibilityGlobals) = postSolution
		SolutionGuid = {0332A593-BB45-4EB6-BEF3-43C6AA7FC66C}
	EndGlobalSection
EndGlobal
